
Microsoft Visual Studio Solution File, Format Version 12.00
# Visual Studio 15
VisualStudioVersion = 15.0.28307.1800
MinimumVisualStudioVersion = 10.0.40219.1
Project("{FAE04EC0-301F-11D3-BF4B-00C04F79EFBC}") = "DMS.UI", "DMS.UI\DMS.UI.csproj", "{77026594-AE3C-4430-8F5A-0949730B3AE9}"
EndProject
Project("{FAE04EC0-301F-11D3-BF4B-00C04F79EFBC}") = "DMS.DAL", "DMS.DAL\DMS.DAL.csproj", "{611A7F3A-46E6-4EC7-B133-D72AD072F107}"
EndProject
Global
	GlobalSection(SolutionConfigurationPlatforms) = preSolution
		Debug|Any CPU = Debug|Any CPU
		Release|Any CPU = Release|Any CPU
	EndGlobalSection
	GlobalSection(ProjectConfigurationPlatforms) = postSolution
		{77026594-AE3C-4430-8F5A-0949730B3AE9}.Debug|Any CPU.ActiveCfg = Debug|Any CPU
		{77026594-AE3C-4430-8F5A-0949730B3AE9}.Debug|Any CPU.Build.0 = Debug|Any CPU
		{77026594-AE3C-4430-8F5A-0949730B3AE9}.Release|Any CPU.ActiveCfg = Release|Any CPU
		{77026594-AE3C-4430-8F5A-0949730B3AE9}.Release|Any CPU.Build.0 = Release|Any CPU
		{611A7F3A-46E6-4EC7-B133-D72AD072F107}.Debug|Any CPU.ActiveCfg = Debug|Any CPU
		{611A7F3A-46E6-4EC7-B133-D72AD072F107}.Debug|Any CPU.Build.0 = Debug|Any CPU
		{611A7F3A-46E6-4EC7-B133-D72AD072F107}.Release|Any CPU.ActiveCfg = Release|Any CPU
		{611A7F3A-46E6-4EC7-B133-D72AD072F107}.Release|Any CPU.Build.0 = Release|Any CPU
	EndGlobalSection
	GlobalSection(SolutionProperties) = preSolution
		HideSolutionNode = FALSE
	EndGlobalSection
	GlobalSection(ExtensibilityGlobals) = postSolution
		SolutionGuid = {D74ABEE7-FA51-46CC-A412-AF35A41EC067}
	EndGlobalSection
EndGlobal
